
Microsoft Visual Studio Solution File, Format Version 12.00
# Visual Studio Version 17
VisualStudioVersion = 17.3.32922.545
MinimumVisualStudioVersion = 10.0.40219.1
Project("{2150E333-8FDC-42A3-9474-1A3956D46DE8}") = "Solution Items", "Solution Items", "{1F55FC05-3DEF-4162-9698-963047C0FF8C}"
	ProjectSection(SolutionItems) = preProject
		.notes\Ex Storage System.txt = .notes\Ex Storage System.txt
		Process Notes.txt = Process Notes.txt
		.notes\Schema Field Info.txt = .notes\Schema Field Info.txt
		.notes\Shared Project Config.txt = .notes\Shared Project Config.txt
	EndProjectSection
EndProject
Project("{FAE04EC0-301F-11D3-BF4B-00C04F79EFBC}") = "ExStoreDev", "ExStoreDev\ExStoreDev.csproj", "{11F2B492-A419-44CB-8E82-D0DC143BAB7A}"
EndProject
Project("{D954291E-2A0B-460D-934E-DC6B0785DB48}") = "ShStudyN", "ShStudy\ShStudyN.shproj", "{E585F3CB-722F-4173-9B50-86E8EEE9A26A}"
EndProject
Project("{D954291E-2A0B-460D-934E-DC6B0785DB48}") = "ShExStorageC", "ShExStorageC\ShExStorageC.shproj", "{13303E86-AE14-4677-89BB-CFB1053155F5}"
EndProject
Project("{D954291E-2A0B-460D-934E-DC6B0785DB48}") = "ShExStorageN", "ShExStorageN\ShExStorageN.shproj", "{5CDDAB40-61B6-4811-B4EC-017155CE69D7}"
EndProject
Project("{D954291E-2A0B-460D-934E-DC6B0785DB48}") = "ShExStorageR", "ShExStorageR\ShExStorageR.shproj", "{366E4768-8714-40B3-874E-53D737B28D22}"
EndProject
Project("{FAE04EC0-301F-11D3-BF4B-00C04F79EFBC}") = "ExStorage", "ExStorage\ExStorage.csproj", "{DDC429DE-0FCC-45A7-A152-112E9AB46CC4}"
EndProject
Project("{D954291E-2A0B-460D-934E-DC6B0785DB48}") = "ShVoided", "ShVoided\ShVoided.shproj", "{EF40C9B6-B9AF-423D-AFF0-A5E530081C89}"
EndProject
Project("{FAE04EC0-301F-11D3-BF4B-00C04F79EFBC}") = "ExStoreTest", "ExStoreTest\ExStoreTest.csproj", "{2FE90D23-7C02-472E-A12E-F1723654682E}"
EndProject
Project("{2150E333-8FDC-42A3-9474-1A3956D46DE8}") = "Old Notes", "Old Notes", "{6DBFB77A-7921-48F7-9F52-EB409E00236F}"
	ProjectSection(SolutionItems) = preProject
		.notes\Old Notes\DataStorage - Schema Creation Process.txt = .notes\Old Notes\DataStorage - Schema Creation Process.txt
		.notes\Old Notes\Ex Data Storage Info (non-Revit).txt = .notes\Old Notes\Ex Data Storage Info (non-Revit).txt
		.notes\Old Notes\Ex Storage Info (for Revit).txt = .notes\Old Notes\Ex Storage Info (for Revit).txt
		.notes\Old Notes\Project Configuration Information.txt = .notes\Old Notes\Project Configuration Information.txt
		.notes\Old Notes\ShExSchemaField Notes (old).txt = .notes\Old Notes\ShExSchemaField Notes (old).txt
	EndProjectSection
EndProject
Global
	GlobalSection(SolutionConfigurationPlatforms) = preSolution
		DbgExd2021|Any CPU = DbgExd2021|Any CPU
		DbgExs2021|Any CPU = DbgExs2021|Any CPU
		Debug|Any CPU = Debug|Any CPU
		Release|Any CPU = Release|Any CPU
		RelExs2021|Any CPU = RelExs2021|Any CPU
	EndGlobalSection
	GlobalSection(ProjectConfigurationPlatforms) = postSolution
		{11F2B492-A419-44CB-8E82-D0DC143BAB7A}.DbgExd2021|Any CPU.ActiveCfg = DbgExd2021|Any CPU
		{11F2B492-A419-44CB-8E82-D0DC143BAB7A}.DbgExd2021|Any CPU.Build.0 = DbgExd2021|Any CPU
		{11F2B492-A419-44CB-8E82-D0DC143BAB7A}.DbgExs2021|Any CPU.ActiveCfg = DbgExd2021|Any CPU
		{11F2B492-A419-44CB-8E82-D0DC143BAB7A}.Debug|Any CPU.ActiveCfg = DbgExd2021|Any CPU
		{11F2B492-A419-44CB-8E82-D0DC143BAB7A}.Release|Any CPU.ActiveCfg = Release|Any CPU
		{11F2B492-A419-44CB-8E82-D0DC143BAB7A}.RelExs2021|Any CPU.ActiveCfg = Release|Any CPU
		{DDC429DE-0FCC-45A7-A152-112E9AB46CC4}.DbgExd2021|Any CPU.ActiveCfg = DbgExs2021|Any CPU
		{DDC429DE-0FCC-45A7-A152-112E9AB46CC4}.DbgExs2021|Any CPU.ActiveCfg = DbgExs2021|Any CPU
		{DDC429DE-0FCC-45A7-A152-112E9AB46CC4}.DbgExs2021|Any CPU.Build.0 = DbgExs2021|Any CPU
		{DDC429DE-0FCC-45A7-A152-112E9AB46CC4}.Debug|Any CPU.ActiveCfg = DbgExs2021|Any CPU
		{DDC429DE-0FCC-45A7-A152-112E9AB46CC4}.Release|Any CPU.ActiveCfg = RelExs2021|Any CPU
		{DDC429DE-0FCC-45A7-A152-112E9AB46CC4}.RelExs2021|Any CPU.ActiveCfg = RelExs2021|Any CPU
		{DDC429DE-0FCC-45A7-A152-112E9AB46CC4}.RelExs2021|Any CPU.Build.0 = RelExs2021|Any CPU
		{2FE90D23-7C02-472E-A12E-F1723654682E}.DbgExd2021|Any CPU.ActiveCfg = Debug|Any CPU
		{2FE90D23-7C02-472E-A12E-F1723654682E}.DbgExs2021|Any CPU.ActiveCfg = Debug|Any CPU
		{2FE90D23-7C02-472E-A12E-F1723654682E}.Debug|Any CPU.ActiveCfg = Debug|Any CPU
		{2FE90D23-7C02-472E-A12E-F1723654682E}.Debug|Any CPU.Build.0 = Debug|Any CPU
		{2FE90D23-7C02-472E-A12E-F1723654682E}.Release|Any CPU.ActiveCfg = Release|Any CPU
		{2FE90D23-7C02-472E-A12E-F1723654682E}.Release|Any CPU.Build.0 = Release|Any CPU
		{2FE90D23-7C02-472E-A12E-F1723654682E}.RelExs2021|Any CPU.ActiveCfg = Release|Any CPU
		{2FE90D23-7C02-472E-A12E-F1723654682E}.RelExs2021|Any CPU.Build.0 = Release|Any CPU
	EndGlobalSection
	GlobalSection(SolutionProperties) = preSolution
		HideSolutionNode = FALSE
	EndGlobalSection
	GlobalSection(NestedProjects) = preSolution
		{6DBFB77A-7921-48F7-9F52-EB409E00236F} = {1F55FC05-3DEF-4162-9698-963047C0FF8C}
	EndGlobalSection
	GlobalSection(ExtensibilityGlobals) = postSolution
		SolutionGuid = {308062A7-B905-4DC1-B6B3-8E9036F86ADA}
	EndGlobalSection
	GlobalSection(SharedMSBuildProjectFiles) = preSolution
		ShExStorageC\ShExStorageC.projitems*{11f2b492-a419-44cb-8e82-d0dc143bab7a}*SharedItemsImports = 4
		ShExStorageN\ShExStorageN.projitems*{11f2b492-a419-44cb-8e82-d0dc143bab7a}*SharedItemsImports = 4
		ShStudy\ShStudy.projitems*{11f2b492-a419-44cb-8e82-d0dc143bab7a}*SharedItemsImports = 4
		ShExStorageC\ShExStorageC.projitems*{13303e86-ae14-4677-89bb-cfb1053155f5}*SharedItemsImports = 13
		ShExStorageR\ShExStorageR.projitems*{366e4768-8714-40b3-874e-53d737b28d22}*SharedItemsImports = 13
		ShExStorageN\ShExStorageN.projitems*{5cddab40-61b6-4811-b4ec-017155ce69d7}*SharedItemsImports = 13
		ShExStorageC\ShExStorageC.projitems*{ddc429de-0fcc-45a7-a152-112e9ab46cc4}*SharedItemsImports = 4
		ShExStorageN\ShExStorageN.projitems*{ddc429de-0fcc-45a7-a152-112e9ab46cc4}*SharedItemsImports = 4
		ShExStorageR\ShExStorageR.projitems*{ddc429de-0fcc-45a7-a152-112e9ab46cc4}*SharedItemsImports = 4
		ShStudy\ShStudy.projitems*{ddc429de-0fcc-45a7-a152-112e9ab46cc4}*SharedItemsImports = 4
		ShStudy\ShStudy.projitems*{e585f3cb-722f-4173-9b50-86e8eee9a26a}*SharedItemsImports = 13
		ShVoided\ShVoided.projitems*{ef40c9b6-b9af-423d-aff0-a5e530081c89}*SharedItemsImports = 13
	EndGlobalSection
EndGlobal
